
Microsoft Visual Studio Solution File, Format Version 12.00
# Visual Studio Version 17
VisualStudioVersion = 17.5.002.0
MinimumVisualStudioVersion = 10.0.40219.1
Project("{9A19103F-16F7-4668-BE54-9A1E7A4F7556}") = "GerencBiblioteca", "GerencBiblioteca\GerencBiblioteca.csproj", "{8E9B2DE1-2F5F-4BAB-A77F-0C1B6C035328}"
EndProject
Global
	GlobalSection(SolutionConfigurationPlatforms) = preSolution
		Debug|Any CPU = Debug|Any CPU
		Release|Any CPU = Release|Any CPU
	EndGlobalSection
	GlobalSection(ProjectConfigurationPlatforms) = postSolution
		{8E9B2DE1-2F5F-4BAB-A77F-0C1B6C035328}.Debug|Any CPU.ActiveCfg = Debug|Any CPU
		{8E9B2DE1-2F5F-4BAB-A77F-0C1B6C035328}.Debug|Any CPU.Build.0 = Debug|Any CPU
		{8E9B2DE1-2F5F-4BAB-A77F-0C1B6C035328}.Release|Any CPU.ActiveCfg = Release|Any CPU
		{8E9B2DE1-2F5F-4BAB-A77F-0C1B6C035328}.Release|Any CPU.Build.0 = Release|Any CPU
	EndGlobalSection
	GlobalSection(SolutionProperties) = preSolution
		HideSolutionNode = FALSE
	EndGlobalSection
	GlobalSection(ExtensibilityGlobals) = postSolution
		SolutionGuid = {3FBEEC3B-619A-4F79-AD8A-EA6AE2A099CB}
	EndGlobalSection
EndGlobal
